// !$*UTF8*$!
{
	archiveVersion = 1;
	classes = {
	};
	objectVersion = 56;
	objects = {

/* Begin PBXBuildFile section */
		AC2DAA102E57E352003B1AE5 /* AppDelegate.swift in Sources */ = {isa = PBXBuildFile; fileRef = AC2DAA0F2E57E352003B1AE5 /* AppDelegate.swift */; };
		AC2DAA122E57E352003B1AE5 /* SceneDelegate.swift in Sources */ = {isa = PBXBuildFile; fileRef = AC2DAA112E57E352003B1AE5 /* SceneDelegate.swift */; };
		AC2DAA142E57E352003B1AE5 /* ViewController.swift in Sources */ = {isa = PBXBuildFile; fileRef = AC2DAA132E57E352003B1AE5 /* ViewController.swift */; };
		AC2DAA172E57E352003B1AE5 /* Main.storyboard in Resources */ = {isa = PBXBuildFile; fileRef = AC2DAA152E57E352003B1AE5 /* Main.storyboard */; };
		AC2DAA192E57E356003B1AE5 /* Assets.xcassets in Resources */ = {isa = PBXBuildFile; fileRef = AC2DAA182E57E356003B1AE5 /* Assets.xcassets */; };
		AC2DAA1C2E57E356003B1AE5 /* LaunchScreen.storyboard in Resources */ = {isa = PBXBuildFile; fileRef = AC2DAA1A2E57E356003B1AE5 /* LaunchScreen.storyboard */; };
		AC2DAA272E57E357003B1AE5 /* ListaCarrosTests.swift in Sources */ = {isa = PBXBuildFile; fileRef = AC2DAA262E57E357003B1AE5 /* ListaCarrosTests.swift */; };
		AC2DAA312E57E357003B1AE5 /* ListaCarrosUITests.swift in Sources */ = {isa = PBXBuildFile; fileRef = AC2DAA302E57E357003B1AE5 /* ListaCarrosUITests.swift */; };
		AC2DAA332E57E357003B1AE5 /* ListaCarrosUITestsLaunchTests.swift in Sources */ = {isa = PBXBuildFile; fileRef = AC2DAA322E57E357003B1AE5 /* ListaCarrosUITestsLaunchTests.swift */; };
		AC2DAA402E57E467003B1AE5 /* PersonagemTableViewController.swift in Sources */ = {isa = PBXBuildFile; fileRef = AC2DAA3F2E57E467003B1AE5 /* PersonagemTableViewController.swift */; };
/* End PBXBuildFile section */

/* Begin PBXContainerItemProxy section */
		AC2DAA232E57E357003B1AE5 /* PBXContainerItemProxy */ = {
			isa = PBXContainerItemProxy;
			containerPortal = AC2DAA042E57E352003B1AE5 /* Project object */;
			proxyType = 1;
			remoteGlobalIDString = AC2DAA0B2E57E352003B1AE5;
			remoteInfo = ListaCarros;
		};
		AC2DAA2D2E57E357003B1AE5 /* PBXContainerItemProxy */ = {
			isa = PBXContainerItemProxy;
			containerPortal = AC2DAA042E57E352003B1AE5 /* Project object */;
			proxyType = 1;
			remoteGlobalIDString = AC2DAA0B2E57E352003B1AE5;
			remoteInfo = ListaCarros;
		};
/* End PBXContainerItemProxy section */

/* Begin PBXFileReference section */
		AC2DAA0C2E57E352003B1AE5 /* ListaCarros.app */ = {isa = PBXFileReference; explicitFileType = wrapper.application; includeInIndex = 0; path = ListaCarros.app; sourceTree = BUILT_PRODUCTS_DIR; };
		AC2DAA0F2E57E352003B1AE5 /* AppDelegate.swift */ = {isa = PBXFileReference; lastKnownFileType = sourcecode.swift; path = AppDelegate.swift; sourceTree = "<group>"; };
		AC2DAA112E57E352003B1AE5 /* SceneDelegate.swift */ = {isa = PBXFileReference; lastKnownFileType = sourcecode.swift; path = SceneDelegate.swift; sourceTree = "<group>"; };
		AC2DAA132E57E352003B1AE5 /* ViewController.swift */ = {isa = PBXFileReference; lastKnownFileType = sourcecode.swift; path = ViewController.swift; sourceTree = "<group>"; };
		AC2DAA162E57E352003B1AE5 /* Base */ = {isa = PBXFileReference; lastKnownFileType = file.storyboard; name = Base; path = Base.lproj/Main.storyboard; sourceTree = "<group>"; };
		AC2DAA182E57E356003B1AE5 /* Assets.xcassets */ = {isa = PBXFileReference; lastKnownFileType = folder.assetcatalog; path = Assets.xcassets; sourceTree = "<group>"; };
		AC2DAA1B2E57E356003B1AE5 /* Base */ = {isa = PBXFileReference; lastKnownFileType = file.storyboard; name = Base; path = Base.lproj/LaunchScreen.storyboard; sourceTree = "<group>"; };
		AC2DAA1D2E57E356003B1AE5 /* Info.plist */ = {isa = PBXFileReference; lastKnownFileType = text.plist.xml; path = Info.plist; sourceTree = "<group>"; };
		AC2DAA222E57E357003B1AE5 /* ListaCarrosTests.xctest */ = {isa = PBXFileReference; explicitFileType = wrapper.cfbundle; includeInIndex = 0; path = ListaCarrosTests.xctest; sourceTree = BUILT_PRODUCTS_DIR; };
		AC2DAA262E57E357003B1AE5 /* ListaCarrosTests.swift */ = {isa = PBXFileReference; lastKnownFileType = sourcecode.swift; path = ListaCarrosTests.swift; sourceTree = "<group>"; };
		AC2DAA2C2E57E357003B1AE5 /* ListaCarrosUITests.xctest */ = {isa = PBXFileReference; explicitFileType = wrapper.cfbundle; includeInIndex = 0; path = ListaCarrosUITests.xctest; sourceTree = BUILT_PRODUCTS_DIR; };
		AC2DAA302E57E357003B1AE5 /* ListaCarrosUITests.swift */ = {isa = PBXFileReference; lastKnownFileType = sourcecode.swift; path = ListaCarrosUITests.swift; sourceTree = "<group>"; };
		AC2DAA322E57E357003B1AE5 /* ListaCarrosUITestsLaunchTests.swift */ = {isa = PBXFileReference; lastKnownFileType = sourcecode.swift; path = ListaCarrosUITestsLaunchTests.swift; sourceTree = "<group>"; };
		AC2DAA3F2E57E467003B1AE5 /* PersonagemTableViewController.swift */ = {isa = PBXFileReference; lastKnownFileType = sourcecode.swift; path = PersonagemTableViewController.swift; sourceTree = "<group>"; };
/* End PBXFileReference section */

/* Begin PBXFrameworksBuildPhase section */
		AC2DAA092E57E352003B1AE5 /* Frameworks */ = {
			isa = PBXFrameworksBuildPhase;
			buildActionMask = 2147483647;
			files = (
			);
			runOnlyForDeploymentPostprocessing = 0;
		};
		AC2DAA1F2E57E357003B1AE5 /* Frameworks */ = {
			isa = PBXFrameworksBuildPhase;
			buildActionMask = 2147483647;
			files = (
			);
			runOnlyForDeploymentPostprocessing = 0;
		};
		AC2DAA292E57E357003B1AE5 /* Frameworks */ = {
			isa = PBXFrameworksBuildPhase;
			buildActionMask = 2147483647;
			files = (
			);
			runOnlyForDeploymentPostprocessing = 0;
		};
/* End PBXFrameworksBuildPhase section */

/* Begin PBXGroup section */
		AC2DAA032E57E352003B1AE5 = {
			isa = PBXGroup;
			children = (
				AC2DAA0E2E57E352003B1AE5 /* ListaCarros */,
				AC2DAA252E57E357003B1AE5 /* ListaCarrosTests */,
				AC2DAA2F2E57E357003B1AE5 /* ListaCarrosUITests */,
				AC2DAA0D2E57E352003B1AE5 /* Products */,
			);
			sourceTree = "<group>";
		};
		AC2DAA0D2E57E352003B1AE5 /* Products */ = {
			isa = PBXGroup;
			children = (
				AC2DAA0C2E57E352003B1AE5 /* ListaCarros.app */,
				AC2DAA222E57E357003B1AE5 /* ListaCarrosTests.xctest */,
				AC2DAA2C2E57E357003B1AE5 /* ListaCarrosUITests.xctest */,
			);
			name = Products;
			sourceTree = "<group>";
		};
		AC2DAA0E2E57E352003B1AE5 /* ListaCarros */ = {
			isa = PBXGroup;
			children = (
				AC2DAA0F2E57E352003B1AE5 /* AppDelegate.swift */,
				AC2DAA112E57E352003B1AE5 /* SceneDelegate.swift */,
				AC2DAA132E57E352003B1AE5 /* ViewController.swift */,
				AC2DAA152E57E352003B1AE5 /* Main.storyboard */,
				AC2DAA3F2E57E467003B1AE5 /* PersonagemTableViewController.swift */,
				AC2DAA182E57E356003B1AE5 /* Assets.xcassets */,
				AC2DAA1A2E57E356003B1AE5 /* LaunchScreen.storyboard */,
				AC2DAA1D2E57E356003B1AE5 /* Info.plist */,
			);
			path = ListaCarros;
			sourceTree = "<group>";
		};
		AC2DAA252E57E357003B1AE5 /* ListaCarrosTests */ = {
			isa = PBXGroup;
			children = (
				AC2DAA262E57E357003B1AE5 /* ListaCarrosTests.swift */,
			);
			path = ListaCarrosTests;
			sourceTree = "<group>";
		};
		AC2DAA2F2E57E357003B1AE5 /* ListaCarrosUITests */ = {
			isa = PBXGroup;
			children = (
				AC2DAA302E57E357003B1AE5 /* ListaCarrosUITests.swift */,
				AC2DAA322E57E357003B1AE5 /* ListaCarrosUITestsLaunchTests.swift */,
			);
			path = ListaCarrosUITests;
			sourceTree = "<group>";
		};
/* End PBXGroup section */

/* Begin PBXNativeTarget section */
		AC2DAA0B2E57E352003B1AE5 /* ListaCarros */ = {
			isa = PBXNativeTarget;
			buildConfigurationList = AC2DAA362E57E357003B1AE5 /* Build configuration list for PBXNativeTarget "ListaCarros" */;
			buildPhases = (
				AC2DAA082E57E352003B1AE5 /* Sources */,
				AC2DAA092E57E352003B1AE5 /* Frameworks */,
				AC2DAA0A2E57E352003B1AE5 /* Resources */,
			);
			buildRules = (
			);
			dependencies = (
			);
			name = ListaCarros;
			productName = ListaCarros;
			productReference = AC2DAA0C2E57E352003B1AE5 /* ListaCarros.app */;
			productType = "com.apple.product-type.application";
		};
		AC2DAA212E57E357003B1AE5 /* ListaCarrosTests */ = {
			isa = PBXNativeTarget;
			buildConfigurationList = AC2DAA392E57E357003B1AE5 /* Build configuration list for PBXNativeTarget "ListaCarrosTests" */;
			buildPhases = (
				AC2DAA1E2E57E357003B1AE5 /* Sources */,
				AC2DAA1F2E57E357003B1AE5 /* Frameworks */,
				AC2DAA202E57E357003B1AE5 /* Resources */,
			);
			buildRules = (
			);
			dependencies = (
				AC2DAA242E57E357003B1AE5 /* PBXTargetDependency */,
			);
			name = ListaCarrosTests;
			productName = ListaCarrosTests;
			productReference = AC2DAA222E57E357003B1AE5 /* ListaCarrosTests.xctest */;
			productType = "com.apple.product-type.bundle.unit-test";
		};
		AC2DAA2B2E57E357003B1AE5 /* ListaCarrosUITests */ = {
			isa = PBXNativeTarget;
			buildConfigurationList = AC2DAA3C2E57E357003B1AE5 /* Build configuration list for PBXNativeTarget "ListaCarrosUITests" */;
			buildPhases = (
				AC2DAA282E57E357003B1AE5 /* Sources */,
				AC2DAA292E57E357003B1AE5 /* Frameworks */,
				AC2DAA2A2E57E357003B1AE5 /* Resources */,
			);
			buildRules = (
			);
			dependencies = (
				AC2DAA2E2E57E357003B1AE5 /* PBXTargetDependency */,
			);
			name = ListaCarrosUITests;
			productName = ListaCarrosUITests;
			productReference = AC2DAA2C2E57E357003B1AE5 /* ListaCarrosUITests.xctest */;
			productType = "com.apple.product-type.bundle.ui-testing";
		};
/* End PBXNativeTarget section */

/* Begin PBXProject section */
		AC2DAA042E57E352003B1AE5 /* Project object */ = {
			isa = PBXProject;
			attributes = {
				BuildIndependentTargetsInParallel = 1;
				LastSwiftUpdateCheck = 1430;
				LastUpgradeCheck = 1430;
				TargetAttributes = {
					AC2DAA0B2E57E352003B1AE5 = {
						CreatedOnToolsVersion = 14.3.1;
					};
					AC2DAA212E57E357003B1AE5 = {
						CreatedOnToolsVersion = 14.3.1;
						TestTargetID = AC2DAA0B2E57E352003B1AE5;
					};
					AC2DAA2B2E57E357003B1AE5 = {
						CreatedOnToolsVersion = 14.3.1;
						TestTargetID = AC2DAA0B2E57E352003B1AE5;
					};
				};
			};
			buildConfigurationList = AC2DAA072E57E352003B1AE5 /* Build configuration list for PBXProject "ListaCarros" */;
			compatibilityVersion = "Xcode 14.0";
			developmentRegion = en;
			hasScannedForEncodings = 0;
			knownRegions = (
				en,
				Base,
			);
			mainGroup = AC2DAA032E57E352003B1AE5;
			productRefGroup = AC2DAA0D2E57E352003B1AE5 /* Products */;
			projectDirPath = "";
			projectRoot = "";
			targets = (
				AC2DAA0B2E57E352003B1AE5 /* ListaCarros */,
				AC2DAA212E57E357003B1AE5 /* ListaCarrosTests */,
				AC2DAA2B2E57E357003B1AE5 /* ListaCarrosUITests */,
			);
		};
/* End PBXProject section */

/* Begin PBXResourcesBuildPhase section */
		AC2DAA0A2E57E352003B1AE5 /* Resources */ = {
			isa = PBXResourcesBuildPhase;
			buildActionMask = 2147483647;
			files = (
				AC2DAA1C2E57E356003B1AE5 /* LaunchScreen.storyboard in Resources */,
				AC2DAA192E57E356003B1AE5 /* Assets.xcassets in Resources */,
				AC2DAA172E57E352003B1AE5 /* Main.storyboard in Resources */,
			);
			runOnlyForDeploymentPostprocessing = 0;
		};
		AC2DAA202E57E357003B1AE5 /* Resources */ = {
			isa = PBXResourcesBuildPhase;
			buildActionMask = 2147483647;
			files = (
			);
			runOnlyForDeploymentPostprocessing = 0;
		};
		AC2DAA2A2E57E357003B1AE5 /* Resources */ = {
			isa = PBXResourcesBuildPhase;
			buildActionMask = 2147483647;
			files = (
			);
			runOnlyForDeploymentPostprocessing = 0;
		};
/* End PBXResourcesBuildPhase section */

/* Begin PBXSourcesBuildPhase section */
		AC2DAA082E57E352003B1AE5 /* Sources */ = {
			isa = PBXSourcesBuildPhase;
			buildActionMask = 2147483647;
			files = (
				AC2DAA142E57E352003B1AE5 /* ViewController.swift in Sources */,
				AC2DAA102E57E352003B1AE5 /* AppDelegate.swift in Sources */,
				AC2DAA402E57E467003B1AE5 /* PersonagemTableViewController.swift in Sources */,
				AC2DAA122E57E352003B1AE5 /* SceneDelegate.swift in Sources */,
			);
			runOnlyForDeploymentPostprocessing = 0;
		};
		AC2DAA1E2E57E357003B1AE5 /* Sources */ = {
			isa = PBXSourcesBuildPhase;
			buildActionMask = 2147483647;
			files = (
				AC2DAA272E57E357003B1AE5 /* ListaCarrosTests.swift in Sources */,
			);
			runOnlyForDeploymentPostprocessing = 0;
		};
		AC2DAA282E57E357003B1AE5 /* Sources */ = {
			isa = PBXSourcesBuildPhase;
			buildActionMask = 2147483647;
			files = (
				AC2DAA332E57E357003B1AE5 /* ListaCarrosUITestsLaunchTests.swift in Sources */,
				AC2DAA312E57E357003B1AE5 /* ListaCarrosUITests.swift in Sources */,
			);
			runOnlyForDeploymentPostprocessing = 0;
		};
/* End PBXSourcesBuildPhase section */

/* Begin PBXTargetDependency section */
		AC2DAA242E57E357003B1AE5 /* PBXTargetDependency */ = {
			isa = PBXTargetDependency;
			target = AC2DAA0B2E57E352003B1AE5 /* ListaCarros */;
			targetProxy = AC2DAA232E57E357003B1AE5 /* PBXContainerItemProxy */;
		};
		AC2DAA2E2E57E357003B1AE5 /* PBXTargetDependency */ = {
			isa = PBXTargetDependency;
			target = AC2DAA0B2E57E352003B1AE5 /* ListaCarros */;
			targetProxy = AC2DAA2D2E57E357003B1AE5 /* PBXContainerItemProxy */;
		};
/* End PBXTargetDependency section */

/* Begin PBXVariantGroup section */
		AC2DAA152E57E352003B1AE5 /* Main.storyboard */ = {
			isa = PBXVariantGroup;
			children = (
				AC2DAA162E57E352003B1AE5 /* Base */,
			);
			name = Main.storyboard;
			sourceTree = "<group>";
		};
		AC2DAA1A2E57E356003B1AE5 /* LaunchScreen.storyboard */ = {
			isa = PBXVariantGroup;
			children = (
				AC2DAA1B2E57E356003B1AE5 /* Base */,
			);
			name = LaunchScreen.storyboard;
			sourceTree = "<group>";
		};
/* End PBXVariantGroup section */

/* Begin XCBuildConfiguration section */
		AC2DAA342E57E357003B1AE5 /* Debug */ = {
			isa = XCBuildConfiguration;
			buildSettings = {
				ALWAYS_SEARCH_USER_PATHS = NO;
				CLANG_ANALYZER_NONNULL = YES;
				CLANG_ANALYZER_NUMBER_OBJECT_CONVERSION = YES_AGGRESSIVE;
				CLANG_CXX_LANGUAGE_STANDARD = "gnu++20";
				CLANG_ENABLE_MODULES = YES;
				CLANG_ENABLE_OBJC_ARC = YES;
				CLANG_ENABLE_OBJC_WEAK = YES;
				CLANG_WARN_BLOCK_CAPTURE_AUTORELEASING = YES;
				CLANG_WARN_BOOL_CONVERSION = YES;
				CLANG_WARN_COMMA = YES;
				CLANG_WARN_CONSTANT_CONVERSION = YES;
				CLANG_WARN_DEPRECATED_OBJC_IMPLEMENTATIONS = YES;
				CLANG_WARN_DIRECT_OBJC_ISA_USAGE = YES_ERROR;
				CLANG_WARN_DOCUMENTATION_COMMENTS = YES;
				CLANG_WARN_EMPTY_BODY = YES;
				CLANG_WARN_ENUM_CONVERSION = YES;
				CLANG_WARN_INFINITE_RECURSION = YES;
				CLANG_WARN_INT_CONVERSION = YES;
				CLANG_WARN_NON_LITERAL_NULL_CONVERSION = YES;
				CLANG_WARN_OBJC_IMPLICIT_RETAIN_SELF = YES;
				CLANG_WARN_OBJC_LITERAL_CONVERSION = YES;
				CLANG_WARN_OBJC_ROOT_CLASS = YES_ERROR;
				CLANG_WARN_QUOTED_INCLUDE_IN_FRAMEWORK_HEADER = YES;
				CLANG_WARN_RANGE_LOOP_ANALYSIS = YES;
				CLANG_WARN_STRICT_PROTOTYPES = YES;
				CLANG_WARN_SUSPICIOUS_MOVE = YES;
				CLANG_WARN_UNGUARDED_AVAILABILITY = YES_AGGRESSIVE;
				CLANG_WARN_UNREACHABLE_CODE = YES;
				CLANG_WARN__DUPLICATE_METHOD_MATCH = YES;
				COPY_PHASE_STRIP = NO;
				DEBUG_INFORMATION_FORMAT = dwarf;
				ENABLE_STRICT_OBJC_MSGSEND = YES;
				ENABLE_TESTABILITY = YES;
				GCC_C_LANGUAGE_STANDARD = gnu11;
				GCC_DYNAMIC_NO_PIC = NO;
				GCC_NO_COMMON_BLOCKS = YES;
				GCC_OPTIMIZATION_LEVEL = 0;
				GCC_PREPROCESSOR_DEFINITIONS = (
					"DEBUG=1",
					"$(inherited)",
				);
				GCC_WARN_64_TO_32_BIT_CONVERSION = YES;
				GCC_WARN_ABOUT_RETURN_TYPE = YES_ERROR;
				GCC_WARN_UNDECLARED_SELECTOR = YES;
				GCC_WARN_UNINITIALIZED_AUTOS = YES_AGGRESSIVE;
				GCC_WARN_UNUSED_FUNCTION = YES;
				GCC_WARN_UNUSED_VARIABLE = YES;
				IPHONEOS_DEPLOYMENT_TARGET = 16.4;
				MTL_ENABLE_DEBUG_INFO = INCLUDE_SOURCE;
				MTL_FAST_MATH = YES;
				ONLY_ACTIVE_ARCH = YES;
				SDKROOT = iphoneos;
				SWIFT_ACTIVE_COMPILATION_CONDITIONS = DEBUG;
				SWIFT_OPTIMIZATION_LEVEL = "-Onone";
			};
			name = Debug;
		};
		AC2DAA352E57E357003B1AE5 /* Release */ = {
			isa = XCBuildConfiguration;
			buildSettings = {
				ALWAYS_SEARCH_USER_PATHS = NO;
				CLANG_ANALYZER_NONNULL = YES;
				CLANG_ANALYZER_NUMBER_OBJECT_CONVERSION = YES_AGGRESSIVE;
				CLANG_CXX_LANGUAGE_STANDARD = "gnu++20";
				CLANG_ENABLE_MODULES = YES;
				CLANG_ENABLE_OBJC_ARC = YES;
				CLANG_ENABLE_OBJC_WEAK = YES;
				CLANG_WARN_BLOCK_CAPTURE_AUTORELEASING = YES;
				CLANG_WARN_BOOL_CONVERSION = YES;
				CLANG_WARN_COMMA = YES;
				CLANG_WARN_CONSTANT_CONVERSION = YES;
				CLANG_WARN_DEPRECATED_OBJC_IMPLEMENTATIONS = YES;
				CLANG_WARN_DIRECT_OBJC_ISA_USAGE = YES_ERROR;
				CLANG_WARN_DOCUMENTATION_COMMENTS = YES;
				CLANG_WARN_EMPTY_BODY = YES;
				CLANG_WARN_ENUM_CONVERSION = YES;
				CLANG_WARN_INFINITE_RECURSION = YES;
				CLANG_WARN_INT_CONVERSION = YES;
				CLANG_WARN_NON_LITERAL_NULL_CONVERSION = YES;
				CLANG_WARN_OBJC_IMPLICIT_RETAIN_SELF = YES;
				CLANG_WARN_OBJC_LITERAL_CONVERSION = YES;
				CLANG_WARN_OBJC_ROOT_CLASS = YES_ERROR;
				CLANG_WARN_QUOTED_INCLUDE_IN_FRAMEWORK_HEADER = YES;
				CLANG_WARN_RANGE_LOOP_ANALYSIS = YES;
				CLANG_WARN_STRICT_PROTOTYPES = YES;
				CLANG_WARN_SUSPICIOUS_MOVE = YES;
				CLANG_WARN_UNGUARDED_AVAILABILITY = YES_AGGRESSIVE;
				CLANG_WARN_UNREACHABLE_CODE = YES;
				CLANG_WARN__DUPLICATE_METHOD_MATCH = YES;
				COPY_PHASE_STRIP = NO;
				DEBUG_INFORMATION_FORMAT = "dwarf-with-dsym";
				ENABLE_NS_ASSERTIONS = NO;
				ENABLE_STRICT_OBJC_MSGSEND = YES;
				GCC_C_LANGUAGE_STANDARD = gnu11;
				GCC_NO_COMMON_BLOCKS = YES;
				GCC_WARN_64_TO_32_BIT_CONVERSION = YES;
				GCC_WARN_ABOUT_RETURN_TYPE = YES_ERROR;
				GCC_WARN_UNDECLARED_SELECTOR = YES;
				GCC_WARN_UNINITIALIZED_AUTOS = YES_AGGRESSIVE;
				GCC_WARN_UNUSED_FUNCTION = YES;
				GCC_WARN_UNUSED_VARIABLE = YES;
				IPHONEOS_DEPLOYMENT_TARGET = 16.4;
				MTL_ENABLE_DEBUG_INFO = NO;
				MTL_FAST_MATH = YES;
				SDKROOT = iphoneos;
				SWIFT_COMPILATION_MODE = wholemodule;
				SWIFT_OPTIMIZATION_LEVEL = "-O";
				VALIDATE_PRODUCT = YES;
			};
			name = Release;
		};
		AC2DAA372E57E357003B1AE5 /* Debug */ = {
			isa = XCBuildConfiguration;
			buildSettings = {
				ASSETCATALOG_COMPILER_APPICON_NAME = AppIcon;
				ASSETCATALOG_COMPILER_GLOBAL_ACCENT_COLOR_NAME = AccentColor;
				CODE_SIGN_STYLE = Automatic;
				CURRENT_PROJECT_VERSION = 1;
				GENERATE_INFOPLIST_FILE = YES;
				INFOPLIST_FILE = ListaCarros/Info.plist;
				INFOPLIST_KEY_UIApplicationSupportsIndirectInputEvents = YES;
				INFOPLIST_KEY_UILaunchStoryboardName = LaunchScreen;
				INFOPLIST_KEY_UIMainStoryboardFile = Main;
				INFOPLIST_KEY_UISupportedInterfaceOrientations_iPad = "UIInterfaceOrientationPortrait UIInterfaceOrientationPortraitUpsideDown UIInterfaceOrientationLandscapeLeft UIInterfaceOrientationLandscapeRight";
				INFOPLIST_KEY_UISupportedInterfaceOrientations_iPhone = "UIInterfaceOrientationPortrait UIInterfaceOrientationLandscapeLeft UIInterfaceOrientationLandscapeRight";
				LD_RUNPATH_SEARCH_PATHS = (
					"$(inherited)",
					"@executable_path/Frameworks",
				);
				MARKETING_VERSION = 1.0;
				PRODUCT_BUNDLE_IDENTIFIER = br.com.fiap.ListaCarros;
				PRODUCT_NAME = "$(TARGET_NAME)";
				SWIFT_EMIT_LOC_STRINGS = YES;
				SWIFT_VERSION = 5.0;
				TARGETED_DEVICE_FAMILY = "1,2";
			};
			name = Debug;
		};
		AC2DAA382E57E357003B1AE5 /* Release */ = {
			isa = XCBuildConfiguration;
			buildSettings = {
				ASSETCATALOG_COMPILER_APPICON_NAME = AppIcon;
				ASSETCATALOG_COMPILER_GLOBAL_ACCENT_COLOR_NAME = AccentColor;
				CODE_SIGN_STYLE = Automatic;
				CURRENT_PROJECT_VERSION = 1;
				GENERATE_INFOPLIST_FILE = YES;
				INFOPLIST_FILE = ListaCarros/Info.plist;
				INFOPLIST_KEY_UIApplicationSupportsIndirectInputEvents = YES;
				INFOPLIST_KEY_UILaunchStoryboardName = LaunchScreen;
				INFOPLIST_KEY_UIMainStoryboardFile = Main;
				INFOPLIST_KEY_UISupportedInterfaceOrientations_iPad = "UIInterfaceOrientationPortrait UIInterfaceOrientationPortraitUpsideDown UIInterfaceOrientationLandscapeLeft UIInterfaceOrientationLandscapeRight";
				INFOPLIST_KEY_UISupportedInterfaceOrientations_iPhone = "UIInterfaceOrientationPortrait UIInterfaceOrientationLandscapeLeft UIInterfaceOrientationLandscapeRight";
				LD_RUNPATH_SEARCH_PATHS = (
					"$(inherited)",
					"@executable_path/Frameworks",
				);
				MARKETING_VERSION = 1.0;
				PRODUCT_BUNDLE_IDENTIFIER = br.com.fiap.ListaCarros;
				PRODUCT_NAME = "$(TARGET_NAME)";
				SWIFT_EMIT_LOC_STRINGS = YES;
				SWIFT_VERSION = 5.0;
				TARGETED_DEVICE_FAMILY = "1,2";
			};
			name = Release;
		};
		AC2DAA3A2E57E357003B1AE5 /* Debug */ = {
			isa = XCBuildConfiguration;
			buildSettings = {
				ALWAYS_EMBED_SWIFT_STANDARD_LIBRARIES = YES;
				BUNDLE_LOADER = "$(TEST_HOST)";
				CODE_SIGN_STYLE = Automatic;
				CURRENT_PROJECT_VERSION = 1;
				GENERATE_INFOPLIST_FILE = YES;
				IPHONEOS_DEPLOYMENT_TARGET = 16.4;
				MARKETING_VERSION = 1.0;
				PRODUCT_BUNDLE_IDENTIFIER = br.com.fiap.ListaCarrosTests;
				PRODUCT_NAME = "$(TARGET_NAME)";
				SWIFT_EMIT_LOC_STRINGS = NO;
				SWIFT_VERSION = 5.0;
				TARGETED_DEVICE_FAMILY = "1,2";
				TEST_HOST = "$(BUILT_PRODUCTS_DIR)/ListaCarros.app/$(BUNDLE_EXECUTABLE_FOLDER_PATH)/ListaCarros";
			};
			name = Debug;
		};
		AC2DAA3B2E57E357003B1AE5 /* Release */ = {
			isa = XCBuildConfiguration;
			buildSettings = {
				ALWAYS_EMBED_SWIFT_STANDARD_LIBRARIES = YES;
				BUNDLE_LOADER = "$(TEST_HOST)";
				CODE_SIGN_STYLE = Automatic;
				CURRENT_PROJECT_VERSION = 1;
				GENERATE_INFOPLIST_FILE = YES;
				IPHONEOS_DEPLOYMENT_TARGET = 16.4;
				MARKETING_VERSION = 1.0;
				PRODUCT_BUNDLE_IDENTIFIER = br.com.fiap.ListaCarrosTests;
				PRODUCT_NAME = "$(TARGET_NAME)";
				SWIFT_EMIT_LOC_STRINGS = NO;
				SWIFT_VERSION = 5.0;
				TARGETED_DEVICE_FAMILY = "1,2";
				TEST_HOST = "$(BUILT_PRODUCTS_DIR)/ListaCarros.app/$(BUNDLE_EXECUTABLE_FOLDER_PATH)/ListaCarros";
			};
			name = Release;
		};
		AC2DAA3D2E57E357003B1AE5 /* Debug */ = {
			isa = XCBuildConfiguration;
			buildSettings = {
				ALWAYS_EMBED_SWIFT_STANDARD_LIBRARIES = YES;
				CODE_SIGN_STYLE = Automatic;
				CURRENT_PROJECT_VERSION = 1;
				GENERATE_INFOPLIST_FILE = YES;
				MARKETING_VERSION = 1.0;
				PRODUCT_BUNDLE_IDENTIFIER = br.com.fiap.ListaCarrosUITests;
				PRODUCT_NAME = "$(TARGET_NAME)";
				SWIFT_EMIT_LOC_STRINGS = NO;
				SWIFT_VERSION = 5.0;
				TARGETED_DEVICE_FAMILY = "1,2";
				TEST_TARGET_NAME = ListaCarros;
			};
			name = Debug;
		};
		AC2DAA3E2E57E357003B1AE5 /* Release */ = {
			isa = XCBuildConfiguration;
			buildSettings = {
				ALWAYS_EMBED_SWIFT_STANDARD_LIBRARIES = YES;
				CODE_SIGN_STYLE = Automatic;
				CURRENT_PROJECT_VERSION = 1;
				GENERATE_INFOPLIST_FILE = YES;
				MARKETING_VERSION = 1.0;
				PRODUCT_BUNDLE_IDENTIFIER = br.com.fiap.ListaCarrosUITests;
				PRODUCT_NAME = "$(TARGET_NAME)";
				SWIFT_EMIT_LOC_STRINGS = NO;
				SWIFT_VERSION = 5.0;
				TARGETED_DEVICE_FAMILY = "1,2";
				TEST_TARGET_NAME = ListaCarros;
			};
			name = Release;
		};
/* End XCBuildConfiguration section */

/* Begin XCConfigurationList section */
		AC2DAA072E57E352003B1AE5 /* Build configuration list for PBXProject "ListaCarros" */ = {
			isa = XCConfigurationList;
			buildConfigurations = (
				AC2DAA342E57E357003B1AE5 /* Debug */,
				AC2DAA352E57E357003B1AE5 /* Release */,
			);
			defaultConfigurationIsVisible = 0;
			defaultConfigurationName = Release;
		};
		AC2DAA362E57E357003B1AE5 /* Build configuration list for PBXNativeTarget "ListaCarros" */ = {
			isa = XCConfigurationList;
			buildConfigurations = (
				AC2DAA372E57E357003B1AE5 /* Debug */,
				AC2DAA382E57E357003B1AE5 /* Release */,
			);
			defaultConfigurationIsVisible = 0;
			defaultConfigurationName = Release;
		};
		AC2DAA392E57E357003B1AE5 /* Build configuration list for PBXNativeTarget "ListaCarrosTests" */ = {
			isa = XCConfigurationList;
			buildConfigurations = (
				AC2DAA3A2E57E357003B1AE5 /* Debug */,
				AC2DAA3B2E57E357003B1AE5 /* Release */,
			);
			defaultConfigurationIsVisible = 0;
			defaultConfigurationName = Release;
		};
		AC2DAA3C2E57E357003B1AE5 /* Build configuration list for PBXNativeTarget "ListaCarrosUITests" */ = {
			isa = XCConfigurationList;
			buildConfigurations = (
				AC2DAA3D2E57E357003B1AE5 /* Debug */,
				AC2DAA3E2E57E357003B1AE5 /* Release */,
			);
			defaultConfigurationIsVisible = 0;
			defaultConfigurationName = Release;
		};
/* End XCConfigurationList section */
	};
	rootObject = AC2DAA042E57E352003B1AE5 /* Project object */;
}
