// !$*UTF8*$!
{
	archiveVersion = 1;
	classes = {
	};
	objectVersion = 56;
	objects = {

/* Begin PBXBuildFile section */
		AC93156D2E98749900FEBA22 /* AppDelegate.swift in Sources */ = {isa = PBXBuildFile; fileRef = AC93156C2E98749900FEBA22 /* AppDelegate.swift */; };
		AC93156F2E98749900FEBA22 /* SceneDelegate.swift in Sources */ = {isa = PBXBuildFile; fileRef = AC93156E2E98749900FEBA22 /* SceneDelegate.swift */; };
		AC9315742E98749900FEBA22 /* Main.storyboard in Resources */ = {isa = PBXBuildFile; fileRef = AC9315722E98749900FEBA22 /* Main.storyboard */; };
		AC9315772E98749900FEBA22 /* Exemplo_Core_Data.xcdatamodeld in Sources */ = {isa = PBXBuildFile; fileRef = AC9315752E98749900FEBA22 /* Exemplo_Core_Data.xcdatamodeld */; };
		AC9315792E98749C00FEBA22 /* Assets.xcassets in Resources */ = {isa = PBXBuildFile; fileRef = AC9315782E98749C00FEBA22 /* Assets.xcassets */; };
		AC93157C2E98749C00FEBA22 /* LaunchScreen.storyboard in Resources */ = {isa = PBXBuildFile; fileRef = AC93157A2E98749C00FEBA22 /* LaunchScreen.storyboard */; };
		AC9315842E9877A800FEBA22 /* ContatoViewController.swift in Sources */ = {isa = PBXBuildFile; fileRef = AC9315832E9877A800FEBA22 /* ContatoViewController.swift */; };
		AC9315862E98783200FEBA22 /* ContatoTableViewController.swift in Sources */ = {isa = PBXBuildFile; fileRef = AC9315852E98783200FEBA22 /* ContatoTableViewController.swift */; };
/* End PBXBuildFile section */

/* Begin PBXFileReference section */
		AC9315692E98749900FEBA22 /* Exemplo Core Data.app */ = {isa = PBXFileReference; explicitFileType = wrapper.application; includeInIndex = 0; path = "Exemplo Core Data.app"; sourceTree = BUILT_PRODUCTS_DIR; };
		AC93156C2E98749900FEBA22 /* AppDelegate.swift */ = {isa = PBXFileReference; lastKnownFileType = sourcecode.swift; path = AppDelegate.swift; sourceTree = "<group>"; };
		AC93156E2E98749900FEBA22 /* SceneDelegate.swift */ = {isa = PBXFileReference; lastKnownFileType = sourcecode.swift; path = SceneDelegate.swift; sourceTree = "<group>"; };
		AC9315732E98749900FEBA22 /* Base */ = {isa = PBXFileReference; lastKnownFileType = file.storyboard; name = Base; path = Base.lproj/Main.storyboard; sourceTree = "<group>"; };
		AC9315762E98749900FEBA22 /* Exemplo_Core_Data.xcdatamodel */ = {isa = PBXFileReference; lastKnownFileType = wrapper.xcdatamodel; path = Exemplo_Core_Data.xcdatamodel; sourceTree = "<group>"; };
		AC9315782E98749C00FEBA22 /* Assets.xcassets */ = {isa = PBXFileReference; lastKnownFileType = folder.assetcatalog; path = Assets.xcassets; sourceTree = "<group>"; };
		AC93157B2E98749C00FEBA22 /* Base */ = {isa = PBXFileReference; lastKnownFileType = file.storyboard; name = Base; path = Base.lproj/LaunchScreen.storyboard; sourceTree = "<group>"; };
		AC93157D2E98749C00FEBA22 /* Info.plist */ = {isa = PBXFileReference; lastKnownFileType = text.plist.xml; path = Info.plist; sourceTree = "<group>"; };
		AC9315832E9877A800FEBA22 /* ContatoViewController.swift */ = {isa = PBXFileReference; lastKnownFileType = sourcecode.swift; path = ContatoViewController.swift; sourceTree = "<group>"; };
		AC9315852E98783200FEBA22 /* ContatoTableViewController.swift */ = {isa = PBXFileReference; lastKnownFileType = sourcecode.swift; path = ContatoTableViewController.swift; sourceTree = "<group>"; };
/* End PBXFileReference section */

/* Begin PBXFrameworksBuildPhase section */
		AC9315662E98749900FEBA22 /* Frameworks */ = {
			isa = PBXFrameworksBuildPhase;
			buildActionMask = 2147483647;
			files = (
			);
			runOnlyForDeploymentPostprocessing = 0;
		};
/* End PBXFrameworksBuildPhase section */

/* Begin PBXGroup section */
		AC9315602E98749900FEBA22 = {
			isa = PBXGroup;
			children = (
				AC93156B2E98749900FEBA22 /* Exemplo Core Data */,
				AC93156A2E98749900FEBA22 /* Products */,
			);
			sourceTree = "<group>";
		};
		AC93156A2E98749900FEBA22 /* Products */ = {
			isa = PBXGroup;
			children = (
				AC9315692E98749900FEBA22 /* Exemplo Core Data.app */,
			);
			name = Products;
			sourceTree = "<group>";
		};
		AC93156B2E98749900FEBA22 /* Exemplo Core Data */ = {
			isa = PBXGroup;
			children = (
				AC93156C2E98749900FEBA22 /* AppDelegate.swift */,
				AC93156E2E98749900FEBA22 /* SceneDelegate.swift */,
				AC9315722E98749900FEBA22 /* Main.storyboard */,
				AC9315852E98783200FEBA22 /* ContatoTableViewController.swift */,
				AC9315832E9877A800FEBA22 /* ContatoViewController.swift */,
				AC9315782E98749C00FEBA22 /* Assets.xcassets */,
				AC93157A2E98749C00FEBA22 /* LaunchScreen.storyboard */,
				AC93157D2E98749C00FEBA22 /* Info.plist */,
				AC9315752E98749900FEBA22 /* Exemplo_Core_Data.xcdatamodeld */,
			);
			path = "Exemplo Core Data";
			sourceTree = "<group>";
		};
/* End PBXGroup section */

/* Begin PBXNativeTarget section */
		AC9315682E98749900FEBA22 /* Exemplo Core Data */ = {
			isa = PBXNativeTarget;
			buildConfigurationList = AC9315802E98749C00FEBA22 /* Build configuration list for PBXNativeTarget "Exemplo Core Data" */;
			buildPhases = (
				AC9315652E98749900FEBA22 /* Sources */,
				AC9315662E98749900FEBA22 /* Frameworks */,
				AC9315672E98749900FEBA22 /* Resources */,
			);
			buildRules = (
			);
			dependencies = (
			);
			name = "Exemplo Core Data";
			productName = "Exemplo Core Data";
			productReference = AC9315692E98749900FEBA22 /* Exemplo Core Data.app */;
			productType = "com.apple.product-type.application";
		};
/* End PBXNativeTarget section */

/* Begin PBXProject section */
		AC9315612E98749900FEBA22 /* Project object */ = {
			isa = PBXProject;
			attributes = {
				BuildIndependentTargetsInParallel = 1;
				LastSwiftUpdateCheck = 1430;
				LastUpgradeCheck = 1430;
				TargetAttributes = {
					AC9315682E98749900FEBA22 = {
						CreatedOnToolsVersion = 14.3.1;
					};
				};
			};
			buildConfigurationList = AC9315642E98749900FEBA22 /* Build configuration list for PBXProject "Exemplo Core Data" */;
			compatibilityVersion = "Xcode 14.0";
			developmentRegion = en;
			hasScannedForEncodings = 0;
			knownRegions = (
				en,
				Base,
			);
			mainGroup = AC9315602E98749900FEBA22;
			productRefGroup = AC93156A2E98749900FEBA22 /* Products */;
			projectDirPath = "";
			projectRoot = "";
			targets = (
				AC9315682E98749900FEBA22 /* Exemplo Core Data */,
			);
		};
/* End PBXProject section */

/* Begin PBXResourcesBuildPhase section */
		AC9315672E98749900FEBA22 /* Resources */ = {
			isa = PBXResourcesBuildPhase;
			buildActionMask = 2147483647;
			files = (
				AC93157C2E98749C00FEBA22 /* LaunchScreen.storyboard in Resources */,
				AC9315792E98749C00FEBA22 /* Assets.xcassets in Resources */,
				AC9315742E98749900FEBA22 /* Main.storyboard in Resources */,
			);
			runOnlyForDeploymentPostprocessing = 0;
		};
/* End PBXResourcesBuildPhase section */

/* Begin PBXSourcesBuildPhase section */
		AC9315652E98749900FEBA22 /* Sources */ = {
			isa = PBXSourcesBuildPhase;
			buildActionMask = 2147483647;
			files = (
				AC9315772E98749900FEBA22 /* Exemplo_Core_Data.xcdatamodeld in Sources */,
				AC9315862E98783200FEBA22 /* ContatoTableViewController.swift in Sources */,
				AC9315842E9877A800FEBA22 /* ContatoViewController.swift in Sources */,
				AC93156D2E98749900FEBA22 /* AppDelegate.swift in Sources */,
				AC93156F2E98749900FEBA22 /* SceneDelegate.swift in Sources */,
			);
			runOnlyForDeploymentPostprocessing = 0;
		};
/* End PBXSourcesBuildPhase section */

/* Begin PBXVariantGroup section */
		AC9315722E98749900FEBA22 /* Main.storyboard */ = {
			isa = PBXVariantGroup;
			children = (
				AC9315732E98749900FEBA22 /* Base */,
			);
			name = Main.storyboard;
			sourceTree = "<group>";
		};
		AC93157A2E98749C00FEBA22 /* LaunchScreen.storyboard */ = {
			isa = PBXVariantGroup;
			children = (
				AC93157B2E98749C00FEBA22 /* Base */,
			);
			name = LaunchScreen.storyboard;
			sourceTree = "<group>";
		};
/* End PBXVariantGroup section */

/* Begin XCBuildConfiguration section */
		AC93157E2E98749C00FEBA22 /* Debug */ = {
			isa = XCBuildConfiguration;
			buildSettings = {
				ALWAYS_SEARCH_USER_PATHS = NO;
				CLANG_ANALYZER_NONNULL = YES;
				CLANG_ANALYZER_NUMBER_OBJECT_CONVERSION = YES_AGGRESSIVE;
				CLANG_CXX_LANGUAGE_STANDARD = "gnu++20";
				CLANG_ENABLE_MODULES = YES;
				CLANG_ENABLE_OBJC_ARC = YES;
				CLANG_ENABLE_OBJC_WEAK = YES;
				CLANG_WARN_BLOCK_CAPTURE_AUTORELEASING = YES;
				CLANG_WARN_BOOL_CONVERSION = YES;
				CLANG_WARN_COMMA = YES;
				CLANG_WARN_CONSTANT_CONVERSION = YES;
				CLANG_WARN_DEPRECATED_OBJC_IMPLEMENTATIONS = YES;
				CLANG_WARN_DIRECT_OBJC_ISA_USAGE = YES_ERROR;
				CLANG_WARN_DOCUMENTATION_COMMENTS = YES;
				CLANG_WARN_EMPTY_BODY = YES;
				CLANG_WARN_ENUM_CONVERSION = YES;
				CLANG_WARN_INFINITE_RECURSION = YES;
				CLANG_WARN_INT_CONVERSION = YES;
				CLANG_WARN_NON_LITERAL_NULL_CONVERSION = YES;
				CLANG_WARN_OBJC_IMPLICIT_RETAIN_SELF = YES;
				CLANG_WARN_OBJC_LITERAL_CONVERSION = YES;
				CLANG_WARN_OBJC_ROOT_CLASS = YES_ERROR;
				CLANG_WARN_QUOTED_INCLUDE_IN_FRAMEWORK_HEADER = YES;
				CLANG_WARN_RANGE_LOOP_ANALYSIS = YES;
				CLANG_WARN_STRICT_PROTOTYPES = YES;
				CLANG_WARN_SUSPICIOUS_MOVE = YES;
				CLANG_WARN_UNGUARDED_AVAILABILITY = YES_AGGRESSIVE;
				CLANG_WARN_UNREACHABLE_CODE = YES;
				CLANG_WARN__DUPLICATE_METHOD_MATCH = YES;
				COPY_PHASE_STRIP = NO;
				DEBUG_INFORMATION_FORMAT = dwarf;
				ENABLE_STRICT_OBJC_MSGSEND = YES;
				ENABLE_TESTABILITY = YES;
				GCC_C_LANGUAGE_STANDARD = gnu11;
				GCC_DYNAMIC_NO_PIC = NO;
				GCC_NO_COMMON_BLOCKS = YES;
				GCC_OPTIMIZATION_LEVEL = 0;
				GCC_PREPROCESSOR_DEFINITIONS = (
					"DEBUG=1",
					"$(inherited)",
				);
				GCC_WARN_64_TO_32_BIT_CONVERSION = YES;
				GCC_WARN_ABOUT_RETURN_TYPE = YES_ERROR;
				GCC_WARN_UNDECLARED_SELECTOR = YES;
				GCC_WARN_UNINITIALIZED_AUTOS = YES_AGGRESSIVE;
				GCC_WARN_UNUSED_FUNCTION = YES;
				GCC_WARN_UNUSED_VARIABLE = YES;
				IPHONEOS_DEPLOYMENT_TARGET = 16.4;
				MTL_ENABLE_DEBUG_INFO = INCLUDE_SOURCE;
				MTL_FAST_MATH = YES;
				ONLY_ACTIVE_ARCH = YES;
				SDKROOT = iphoneos;
				SWIFT_ACTIVE_COMPILATION_CONDITIONS = DEBUG;
				SWIFT_OPTIMIZATION_LEVEL = "-Onone";
			};
			name = Debug;
		};
		AC93157F2E98749C00FEBA22 /* Release */ = {
			isa = XCBuildConfiguration;
			buildSettings = {
				ALWAYS_SEARCH_USER_PATHS = NO;
				CLANG_ANALYZER_NONNULL = YES;
				CLANG_ANALYZER_NUMBER_OBJECT_CONVERSION = YES_AGGRESSIVE;
				CLANG_CXX_LANGUAGE_STANDARD = "gnu++20";
				CLANG_ENABLE_MODULES = YES;
				CLANG_ENABLE_OBJC_ARC = YES;
				CLANG_ENABLE_OBJC_WEAK = YES;
				CLANG_WARN_BLOCK_CAPTURE_AUTORELEASING = YES;
				CLANG_WARN_BOOL_CONVERSION = YES;
				CLANG_WARN_COMMA = YES;
				CLANG_WARN_CONSTANT_CONVERSION = YES;
				CLANG_WARN_DEPRECATED_OBJC_IMPLEMENTATIONS = YES;
				CLANG_WARN_DIRECT_OBJC_ISA_USAGE = YES_ERROR;
				CLANG_WARN_DOCUMENTATION_COMMENTS = YES;
				CLANG_WARN_EMPTY_BODY = YES;
				CLANG_WARN_ENUM_CONVERSION = YES;
				CLANG_WARN_INFINITE_RECURSION = YES;
				CLANG_WARN_INT_CONVERSION = YES;
				CLANG_WARN_NON_LITERAL_NULL_CONVERSION = YES;
				CLANG_WARN_OBJC_IMPLICIT_RETAIN_SELF = YES;
				CLANG_WARN_OBJC_LITERAL_CONVERSION = YES;
				CLANG_WARN_OBJC_ROOT_CLASS = YES_ERROR;
				CLANG_WARN_QUOTED_INCLUDE_IN_FRAMEWORK_HEADER = YES;
				CLANG_WARN_RANGE_LOOP_ANALYSIS = YES;
				CLANG_WARN_STRICT_PROTOTYPES = YES;
				CLANG_WARN_SUSPICIOUS_MOVE = YES;
				CLANG_WARN_UNGUARDED_AVAILABILITY = YES_AGGRESSIVE;
				CLANG_WARN_UNREACHABLE_CODE = YES;
				CLANG_WARN__DUPLICATE_METHOD_MATCH = YES;
				COPY_PHASE_STRIP = NO;
				DEBUG_INFORMATION_FORMAT = "dwarf-with-dsym";
				ENABLE_NS_ASSERTIONS = NO;
				ENABLE_STRICT_OBJC_MSGSEND = YES;
				GCC_C_LANGUAGE_STANDARD = gnu11;
				GCC_NO_COMMON_BLOCKS = YES;
				GCC_WARN_64_TO_32_BIT_CONVERSION = YES;
				GCC_WARN_ABOUT_RETURN_TYPE = YES_ERROR;
				GCC_WARN_UNDECLARED_SELECTOR = YES;
				GCC_WARN_UNINITIALIZED_AUTOS = YES_AGGRESSIVE;
				GCC_WARN_UNUSED_FUNCTION = YES;
				GCC_WARN_UNUSED_VARIABLE = YES;
				IPHONEOS_DEPLOYMENT_TARGET = 16.4;
				MTL_ENABLE_DEBUG_INFO = NO;
				MTL_FAST_MATH = YES;
				SDKROOT = iphoneos;
				SWIFT_COMPILATION_MODE = wholemodule;
				SWIFT_OPTIMIZATION_LEVEL = "-O";
				VALIDATE_PRODUCT = YES;
			};
			name = Release;
		};
		AC9315812E98749C00FEBA22 /* Debug */ = {
			isa = XCBuildConfiguration;
			buildSettings = {
				ASSETCATALOG_COMPILER_APPICON_NAME = AppIcon;
				ASSETCATALOG_COMPILER_GLOBAL_ACCENT_COLOR_NAME = AccentColor;
				CODE_SIGN_STYLE = Automatic;
				CURRENT_PROJECT_VERSION = 1;
				GENERATE_INFOPLIST_FILE = YES;
				INFOPLIST_FILE = "Exemplo Core Data/Info.plist";
				INFOPLIST_KEY_UIApplicationSupportsIndirectInputEvents = YES;
				INFOPLIST_KEY_UILaunchStoryboardName = LaunchScreen;
				INFOPLIST_KEY_UIMainStoryboardFile = Main;
				INFOPLIST_KEY_UISupportedInterfaceOrientations_iPad = "UIInterfaceOrientationPortrait UIInterfaceOrientationPortraitUpsideDown UIInterfaceOrientationLandscapeLeft UIInterfaceOrientationLandscapeRight";
				INFOPLIST_KEY_UISupportedInterfaceOrientations_iPhone = "UIInterfaceOrientationPortrait UIInterfaceOrientationLandscapeLeft UIInterfaceOrientationLandscapeRight";
				LD_RUNPATH_SEARCH_PATHS = (
					"$(inherited)",
					"@executable_path/Frameworks",
				);
				MARKETING_VERSION = 1.0;
				PRODUCT_BUNDLE_IDENTIFIER = "com.fiap.Exemplo-Core-Data";
				PRODUCT_NAME = "$(TARGET_NAME)";
				SWIFT_EMIT_LOC_STRINGS = YES;
				SWIFT_VERSION = 5.0;
				TARGETED_DEVICE_FAMILY = "1,2";
			};
			name = Debug;
		};
		AC9315822E98749C00FEBA22 /* Release */ = {
			isa = XCBuildConfiguration;
			buildSettings = {
				ASSETCATALOG_COMPILER_APPICON_NAME = AppIcon;
				ASSETCATALOG_COMPILER_GLOBAL_ACCENT_COLOR_NAME = AccentColor;
				CODE_SIGN_STYLE = Automatic;
				CURRENT_PROJECT_VERSION = 1;
				GENERATE_INFOPLIST_FILE = YES;
				INFOPLIST_FILE = "Exemplo Core Data/Info.plist";
				INFOPLIST_KEY_UIApplicationSupportsIndirectInputEvents = YES;
				INFOPLIST_KEY_UILaunchStoryboardName = LaunchScreen;
				INFOPLIST_KEY_UIMainStoryboardFile = Main;
				INFOPLIST_KEY_UISupportedInterfaceOrientations_iPad = "UIInterfaceOrientationPortrait UIInterfaceOrientationPortraitUpsideDown UIInterfaceOrientationLandscapeLeft UIInterfaceOrientationLandscapeRight";
				INFOPLIST_KEY_UISupportedInterfaceOrientations_iPhone = "UIInterfaceOrientationPortrait UIInterfaceOrientationLandscapeLeft UIInterfaceOrientationLandscapeRight";
				LD_RUNPATH_SEARCH_PATHS = (
					"$(inherited)",
					"@executable_path/Frameworks",
				);
				MARKETING_VERSION = 1.0;
				PRODUCT_BUNDLE_IDENTIFIER = "com.fiap.Exemplo-Core-Data";
				PRODUCT_NAME = "$(TARGET_NAME)";
				SWIFT_EMIT_LOC_STRINGS = YES;
				SWIFT_VERSION = 5.0;
				TARGETED_DEVICE_FAMILY = "1,2";
			};
			name = Release;
		};
/* End XCBuildConfiguration section */

/* Begin XCConfigurationList section */
		AC9315642E98749900FEBA22 /* Build configuration list for PBXProject "Exemplo Core Data" */ = {
			isa = XCConfigurationList;
			buildConfigurations = (
				AC93157E2E98749C00FEBA22 /* Debug */,
				AC93157F2E98749C00FEBA22 /* Release */,
			);
			defaultConfigurationIsVisible = 0;
			defaultConfigurationName = Release;
		};
		AC9315802E98749C00FEBA22 /* Build configuration list for PBXNativeTarget "Exemplo Core Data" */ = {
			isa = XCConfigurationList;
			buildConfigurations = (
				AC9315812E98749C00FEBA22 /* Debug */,
				AC9315822E98749C00FEBA22 /* Release */,
			);
			defaultConfigurationIsVisible = 0;
			defaultConfigurationName = Release;
		};
/* End XCConfigurationList section */

/* Begin XCVersionGroup section */
		AC9315752E98749900FEBA22 /* Exemplo_Core_Data.xcdatamodeld */ = {
			isa = XCVersionGroup;
			children = (
				AC9315762E98749900FEBA22 /* Exemplo_Core_Data.xcdatamodel */,
			);
			currentVersion = AC9315762E98749900FEBA22 /* Exemplo_Core_Data.xcdatamodel */;
			path = Exemplo_Core_Data.xcdatamodeld;
			sourceTree = "<group>";
			versionGroupType = wrapper.xcdatamodel;
		};
/* End XCVersionGroup section */
	};
	rootObject = AC9315612E98749900FEBA22 /* Project object */;
}
